
Microsoft Visual Studio Solution File, Format Version 12.00
# Visual Studio Version 17
VisualStudioVersion = 17.8.34525.116
MinimumVisualStudioVersion = 10.0.40219.1
Project("{FAE04EC0-301F-11D3-BF4B-00C04F79EFBC}") = "PictureBox", "PictureBox\PictureBox.csproj", "{AB511A95-3791-42CC-84B2-48D5154D8234}"
EndProject
Global
	GlobalSection(SolutionConfigurationPlatforms) = preSolution
		Debug|Any CPU = Debug|Any CPU
		Release|Any CPU = Release|Any CPU
	EndGlobalSection
	GlobalSection(ProjectConfigurationPlatforms) = postSolution
		{AB511A95-3791-42CC-84B2-48D5154D8234}.Debug|Any CPU.ActiveCfg = Debug|Any CPU
		{AB511A95-3791-42CC-84B2-48D5154D8234}.Debug|Any CPU.Build.0 = Debug|Any CPU
		{AB511A95-3791-42CC-84B2-48D5154D8234}.Release|Any CPU.ActiveCfg = Release|Any CPU
		{AB511A95-3791-42CC-84B2-48D5154D8234}.Release|Any CPU.Build.0 = Release|Any CPU
	EndGlobalSection
	GlobalSection(SolutionProperties) = preSolution
		HideSolutionNode = FALSE
	EndGlobalSection
	GlobalSection(ExtensibilityGlobals) = postSolution
		SolutionGuid = {4DA702D2-906B-445B-AE9D-7A50F30D3B62}
	EndGlobalSection
EndGlobal
